// !$*UTF8*$!
{
	archiveVersion = 1;
	classes = {
	};
	objectVersion = 46;
	objects = {

/* Begin PBXBuildFile section */
		BD7B5DEB1E6768DC000416C9 /* AppDelegate.swift in Sources */ = {isa = PBXBuildFile; fileRef = BD7B5DEA1E6768DC000416C9 /* AppDelegate.swift */; };
		BD7B5DEF1E6768DC000416C9 /* Assets.xcassets in Resources */ = {isa = PBXBuildFile; fileRef = BD7B5DEE1E6768DC000416C9 /* Assets.xcassets */; };
		BDDCA54A1F0C2FA700476599 /* Fabric.framework in Frameworks */ = {isa = PBXBuildFile; fileRef = BDDCA5481F0C2FA700476599 /* Fabric.framework */; };
		BDDCA54B1F0C2FA700476599 /* Crashlytics.framework in Frameworks */ = {isa = PBXBuildFile; fileRef = BDDCA5491F0C2FA700476599 /* Crashlytics.framework */; };
/* End PBXBuildFile section */

/* Begin PBXFileReference section */
		BD7B5DE71E6768DC000416C9 /* Obama Speech Collection.app */ = {isa = PBXFileReference; explicitFileType = wrapper.application; includeInIndex = 0; path = "Obama Speech Collection.app"; sourceTree = BUILT_PRODUCTS_DIR; };
		BD7B5DEA1E6768DC000416C9 /* AppDelegate.swift */ = {isa = PBXFileReference; lastKnownFileType = sourcecode.swift; path = AppDelegate.swift; sourceTree = "<group>"; };
		BD7B5DED1E6768DC000416C9 /* application.js */ = {isa = PBXFileReference; lastKnownFileType = sourcecode.javascript; path = application.js; sourceTree = "<group>"; };
		BD7B5DEE1E6768DC000416C9 /* Assets.xcassets */ = {isa = PBXFileReference; lastKnownFileType = folder.assetcatalog; path = Assets.xcassets; sourceTree = "<group>"; };
		BD7B5DF01E6768DC000416C9 /* Info.plist */ = {isa = PBXFileReference; lastKnownFileType = text.plist.xml; path = Info.plist; sourceTree = "<group>"; };
		BDDCA5481F0C2FA700476599 /* Fabric.framework */ = {isa = PBXFileReference; lastKnownFileType = wrapper.framework; path = Fabric.framework; sourceTree = "<group>"; };
		BDDCA5491F0C2FA700476599 /* Crashlytics.framework */ = {isa = PBXFileReference; lastKnownFileType = wrapper.framework; path = Crashlytics.framework; sourceTree = "<group>"; };
/* End PBXFileReference section */

/* Begin PBXFrameworksBuildPhase section */
		BD7B5DE41E6768DC000416C9 /* Frameworks */ = {
			isa = PBXFrameworksBuildPhase;
			buildActionMask = 2147483647;
			files = (
				BDDCA54B1F0C2FA700476599 /* Crashlytics.framework in Frameworks */,
				BDDCA54A1F0C2FA700476599 /* Fabric.framework in Frameworks */,
			);
			runOnlyForDeploymentPostprocessing = 0;
		};
/* End PBXFrameworksBuildPhase section */

/* Begin PBXGroup section */
		BD7B5DDE1E6768DC000416C9 = {
			isa = PBXGroup;
			children = (
				BD7B5DE91E6768DC000416C9 /* Obama Speech Collection */,
				BDDCA5481F0C2FA700476599 /* Fabric.framework */,
				BDDCA5491F0C2FA700476599 /* Crashlytics.framework */,
				BD7B5DE81E6768DC000416C9 /* Products */,
			);
			sourceTree = "<group>";
		};
		BD7B5DE81E6768DC000416C9 /* Products */ = {
			isa = PBXGroup;
			children = (
				BD7B5DE71E6768DC000416C9 /* Obama Speech Collection.app */,
			);
			name = Products;
			sourceTree = "<group>";
		};
		BD7B5DE91E6768DC000416C9 /* Obama Speech Collection */ = {
			isa = PBXGroup;
			children = (
				BD7B5DEA1E6768DC000416C9 /* AppDelegate.swift */,
				BD7B5DEE1E6768DC000416C9 /* Assets.xcassets */,
				BD7B5DF01E6768DC000416C9 /* Info.plist */,
				BD7B5DEC1E6768DC000416C9 /* Supporting Files */,
			);
			path = "Obama Speech Collection";
			sourceTree = "<group>";
		};
		BD7B5DEC1E6768DC000416C9 /* Supporting Files */ = {
			isa = PBXGroup;
			children = (
				BD7B5DED1E6768DC000416C9 /* application.js */,
			);
			name = "Supporting Files";
			sourceTree = "<group>";
		};
/* End PBXGroup section */

/* Begin PBXNativeTarget section */
		BD7B5DE61E6768DC000416C9 /* Obama Speech Collection */ = {
			isa = PBXNativeTarget;
			buildConfigurationList = BD7B5DF31E6768DC000416C9 /* Build configuration list for PBXNativeTarget "Obama Speech Collection" */;
			buildPhases = (
				BD7B5DE31E6768DC000416C9 /* Sources */,
				BD7B5DE41E6768DC000416C9 /* Frameworks */,
				BD7B5DE51E6768DC000416C9 /* Resources */,
				BD7319371F0C2F7E00023E07 /* ShellScript */,
			);
			buildRules = (
			);
			dependencies = (
			);
			name = "Obama Speech Collection";
			productName = "Obama Speech Collection";
			productReference = BD7B5DE71E6768DC000416C9 /* Obama Speech Collection.app */;
			productType = "com.apple.product-type.application";
		};
/* End PBXNativeTarget section */

/* Begin PBXProject section */
		BD7B5DDF1E6768DC000416C9 /* Project object */ = {
			isa = PBXProject;
			attributes = {
				LastSwiftUpdateCheck = 0820;
				LastUpgradeCheck = 0820;
				ORGANIZATIONNAME = "Wei Xia";
				TargetAttributes = {
					BD7B5DE61E6768DC000416C9 = {
						CreatedOnToolsVersion = 8.2.1;
						DevelopmentTeam = JKVUBMY3K2;
						ProvisioningStyle = Automatic;
					};
				};
			};
			buildConfigurationList = BD7B5DE21E6768DC000416C9 /* Build configuration list for PBXProject "Obama Speech Collection" */;
			compatibilityVersion = "Xcode 3.2";
			developmentRegion = English;
			hasScannedForEncodings = 0;
			knownRegions = (
				en,
			);
			mainGroup = BD7B5DDE1E6768DC000416C9;
			productRefGroup = BD7B5DE81E6768DC000416C9 /* Products */;
			projectDirPath = "";
			projectRoot = "";
			targets = (
				BD7B5DE61E6768DC000416C9 /* Obama Speech Collection */,
			);
		};
/* End PBXProject section */

/* Begin PBXResourcesBuildPhase section */
		BD7B5DE51E6768DC000416C9 /* Resources */ = {
			isa = PBXResourcesBuildPhase;
			buildActionMask = 2147483647;
			files = (
				BD7B5DEF1E6768DC000416C9 /* Assets.xcassets in Resources */,
			);
			runOnlyForDeploymentPostprocessing = 0;
		};
/* End PBXResourcesBuildPhase section */

/* Begin PBXShellScriptBuildPhase section */
		BD7319371F0C2F7E00023E07 /* ShellScript */ = {
			isa = PBXShellScriptBuildPhase;
			buildActionMask = 2147483647;
			files = (
			);
			inputPaths = (
			);
			outputPaths = (
			);
			runOnlyForDeploymentPostprocessing = 0;
			shellPath = /bin/sh;
			shellScript = "./Fabric.framework/run d0d99854685e85d3878fcf8e03acb34b652bad8f 26bf51acee0f3b26b08a86a6932b3a911494451d746dd10ab21c73233622466e";
		};
/* End PBXShellScriptBuildPhase section */

/* Begin PBXSourcesBuildPhase section */
		BD7B5DE31E6768DC000416C9 /* Sources */ = {
			isa = PBXSourcesBuildPhase;
			buildActionMask = 2147483647;
			files = (
				BD7B5DEB1E6768DC000416C9 /* AppDelegate.swift in Sources */,
			);
			runOnlyForDeploymentPostprocessing = 0;
		};
/* End PBXSourcesBuildPhase section */

/* Begin XCBuildConfiguration section */
		BD7B5DF11E6768DC000416C9 /* Debug */ = {
			isa = XCBuildConfiguration;
			buildSettings = {
				ALWAYS_SEARCH_USER_PATHS = NO;
				CLANG_ANALYZER_NONNULL = YES;
				CLANG_CXX_LANGUAGE_STANDARD = "gnu++0x";
				CLANG_CXX_LIBRARY = "libc++";
				CLANG_ENABLE_MODULES = YES;
				CLANG_ENABLE_OBJC_ARC = YES;
				CLANG_WARN_BOOL_CONVERSION = YES;
				CLANG_WARN_CONSTANT_CONVERSION = YES;
				CLANG_WARN_DIRECT_OBJC_ISA_USAGE = YES_ERROR;
				CLANG_WARN_DOCUMENTATION_COMMENTS = YES;
				CLANG_WARN_EMPTY_BODY = YES;
				CLANG_WARN_ENUM_CONVERSION = YES;
				CLANG_WARN_INFINITE_RECURSION = YES;
				CLANG_WARN_INT_CONVERSION = YES;
				CLANG_WARN_OBJC_ROOT_CLASS = YES_ERROR;
				CLANG_WARN_SUSPICIOUS_MOVE = YES;
				CLANG_WARN_UNREACHABLE_CODE = YES;
				CLANG_WARN__DUPLICATE_METHOD_MATCH = YES;
				CODE_SIGN_IDENTITY = "iPhone Distribution: Wei Xia (JKVUBMY3K2)";
				COPY_PHASE_STRIP = NO;
				DEBUG_INFORMATION_FORMAT = dwarf;
				ENABLE_STRICT_OBJC_MSGSEND = YES;
				ENABLE_TESTABILITY = YES;
				GCC_C_LANGUAGE_STANDARD = gnu99;
				GCC_DYNAMIC_NO_PIC = NO;
				GCC_NO_COMMON_BLOCKS = YES;
				GCC_OPTIMIZATION_LEVEL = 0;
				GCC_PREPROCESSOR_DEFINITIONS = (
					"DEBUG=1",
					"$(inherited)",
				);
				GCC_WARN_64_TO_32_BIT_CONVERSION = YES;
				GCC_WARN_ABOUT_RETURN_TYPE = YES_ERROR;
				GCC_WARN_UNDECLARED_SELECTOR = YES;
				GCC_WARN_UNINITIALIZED_AUTOS = YES_AGGRESSIVE;
				GCC_WARN_UNUSED_FUNCTION = YES;
				GCC_WARN_UNUSED_VARIABLE = YES;
				MTL_ENABLE_DEBUG_INFO = YES;
				ONLY_ACTIVE_ARCH = YES;
				SDKROOT = appletvos;
				SWIFT_ACTIVE_COMPILATION_CONDITIONS = DEBUG;
				SWIFT_OPTIMIZATION_LEVEL = "-Onone";
				TARGETED_DEVICE_FAMILY = 3;
				TVOS_DEPLOYMENT_TARGET = 10.1;
				cod = "";
			};
			name = Debug;
		};
		BD7B5DF21E6768DC000416C9 /* Release */ = {
			isa = XCBuildConfiguration;
			buildSettings = {
				ALWAYS_SEARCH_USER_PATHS = NO;
				CLANG_ANALYZER_NONNULL = YES;
				CLANG_CXX_LANGUAGE_STANDARD = "gnu++0x";
				CLANG_CXX_LIBRARY = "libc++";
				CLANG_ENABLE_MODULES = YES;
				CLANG_ENABLE_OBJC_ARC = YES;
				CLANG_WARN_BOOL_CONVERSION = YES;
				CLANG_WARN_CONSTANT_CONVERSION = YES;
				CLANG_WARN_DIRECT_OBJC_ISA_USAGE = YES_ERROR;
				CLANG_WARN_DOCUMENTATION_COMMENTS = YES;
				CLANG_WARN_EMPTY_BODY = YES;
				CLANG_WARN_ENUM_CONVERSION = YES;
				CLANG_WARN_INFINITE_RECURSION = YES;
				CLANG_WARN_INT_CONVERSION = YES;
				CLANG_WARN_OBJC_ROOT_CLASS = YES_ERROR;
				CLANG_WARN_SUSPICIOUS_MOVE = YES;
				CLANG_WARN_UNREACHABLE_CODE = YES;
				CLANG_WARN__DUPLICATE_METHOD_MATCH = YES;
				CODE_SIGN_IDENTITY = "iPhone Distribution: Wei Xia (JKVUBMY3K2)";
				COPY_PHASE_STRIP = NO;
				DEBUG_INFORMATION_FORMAT = "dwarf-with-dsym";
				ENABLE_NS_ASSERTIONS = NO;
				ENABLE_STRICT_OBJC_MSGSEND = YES;
				GCC_C_LANGUAGE_STANDARD = gnu99;
				GCC_NO_COMMON_BLOCKS = YES;
				GCC_WARN_64_TO_32_BIT_CONVERSION = YES;
				GCC_WARN_ABOUT_RETURN_TYPE = YES_ERROR;
				GCC_WARN_UNDECLARED_SELECTOR = YES;
				GCC_WARN_UNINITIALIZED_AUTOS = YES_AGGRESSIVE;
				GCC_WARN_UNUSED_FUNCTION = YES;
				GCC_WARN_UNUSED_VARIABLE = YES;
				MTL_ENABLE_DEBUG_INFO = NO;
				SDKROOT = appletvos;
				SWIFT_OPTIMIZATION_LEVEL = "-Owholemodule";
				TARGETED_DEVICE_FAMILY = 3;
				TVOS_DEPLOYMENT_TARGET = 10.1;
				VALIDATE_PRODUCT = YES;
				cod = "";
			};
			name = Release;
		};
		BD7B5DF41E6768DC000416C9 /* Debug */ = {
			isa = XCBuildConfiguration;
			buildSettings = {
				ASSETCATALOG_COMPILER_APPICON_NAME = "App Icon & Top Shelf Image";
				ASSETCATALOG_COMPILER_LAUNCHIMAGE_NAME = LaunchImage;
				CODE_SIGN_IDENTITY = "iPhone Distribution: Wei Xia (JKVUBMY3K2)";
				"CODE_SIGN_IDENTITY[sdk=appletvos*]" = "iPhone Developer";
				DEVELOPMENT_TEAM = JKVUBMY3K2;
				FRAMEWORK_SEARCH_PATHS = (
					"$(inherited)",
					"$(PROJECT_DIR)",
				);
				INFOPLIST_FILE = "Obama Speech Collection/Info.plist";
				LD_RUNPATH_SEARCH_PATHS = "$(inherited) @executable_path/Frameworks";
				PRODUCT_BUNDLE_IDENTIFIER = "obama-speech-collection";
				PRODUCT_NAME = "$(TARGET_NAME)";
				SWIFT_VERSION = 3.0;
			};
			name = Debug;
		};
		BD7B5DF51E6768DC000416C9 /* Release */ = {
			isa = XCBuildConfiguration;
			buildSettings = {
				ASSETCATALOG_COMPILER_APPICON_NAME = "App Icon & Top Shelf Image";
				ASSETCATALOG_COMPILER_LAUNCHIMAGE_NAME = LaunchImage;
				CODE_SIGN_IDENTITY = "iPhone Distribution: Wei Xia (JKVUBMY3K2)";
				"CODE_SIGN_IDENTITY[sdk=appletvos*]" = "iPhone Developer";
				DEVELOPMENT_TEAM = JKVUBMY3K2;
				FRAMEWORK_SEARCH_PATHS = (
					"$(inherited)",
					"$(PROJECT_DIR)",
				);
				INFOPLIST_FILE = "Obama Speech Collection/Info.plist";
				LD_RUNPATH_SEARCH_PATHS = "$(inherited) @executable_path/Frameworks";
				PRODUCT_BUNDLE_IDENTIFIER = "obama-speech-collection";
				PRODUCT_NAME = "$(TARGET_NAME)";
				SWIFT_VERSION = 3.0;
			};
			name = Release;
		};
/* End XCBuildConfiguration section */

/* Begin XCConfigurationList section */
		BD7B5DE21E6768DC000416C9 /* Build configuration list for PBXProject "Obama Speech Collection" */ = {
			isa = XCConfigurationList;
			buildConfigurations = (
				BD7B5DF11E6768DC000416C9 /* Debug */,
				BD7B5DF21E6768DC000416C9 /* Release */,
			);
			defaultConfigurationIsVisible = 0;
			defaultConfigurationName = Release;
		};
		BD7B5DF31E6768DC000416C9 /* Build configuration list for PBXNativeTarget "Obama Speech Collection" */ = {
			isa = XCConfigurationList;
			buildConfigurations = (
				BD7B5DF41E6768DC000416C9 /* Debug */,
				BD7B5DF51E6768DC000416C9 /* Release */,
			);
			defaultConfigurationIsVisible = 0;
			defaultConfigurationName = Release;
		};
/* End XCConfigurationList section */
	};
	rootObject = BD7B5DDF1E6768DC000416C9 /* Project object */;
}
